{
  "version": 4,
  "terraform_version": "1.1.9",
  "serial": 5,
  "lineage": "243ab98e-2956-e626-a77e-4f7ebd30ce67",
  "outputs": {},
  "resources": [
    {
      "mode": "data",
      "type": "confluent_environment",
      "name": "env_takeda",
      "provider": "provider[\"registry.terraform.io/confluentinc/confluent\"]",
      "instances": [
        {
          "schema_version": 0,
          "attributes": {
            "display_name": "ramzi-test",
            "id": "env-7yyo1p",
            "resource_name": "crn://confluent.cloud/organization=fff39d13-91b7-444b-baa6-c0007e80e4d5/environment=env-7yyo1p"
          },
          "sensitive_attributes": []
        }
      ]
    },
    {
      "mode": "data",
      "type": "confluent_kafka_cluster",
      "name": "cluster_takeda",
      "provider": "provider[\"registry.terraform.io/confluentinc/confluent\"]",
      "instances": [
        {
          "schema_version": 0,
          "attributes": {
            "api_version": "cmk/v2",
            "availability": "SINGLE_ZONE",
            "basic": [
              {}
            ],
            "bootstrap_endpoint": "SASL_SSL://pkc-pgq85.us-west-2.aws.confluent.cloud:9092",
            "cloud": "AWS",
            "dedicated": [],
            "display_name": "takeda",
            "environment": [
              {
                "id": "env-7yyo1p"
              }
            ],
            "id": "lkc-j37km2",
            "kind": "Cluster",
            "network": [
              {
                "id": ""
              }
            ],
            "rbac_crn": "crn://confluent.cloud/organization=fff39d13-91b7-444b-baa6-c0007e80e4d5/environment=env-7yyo1p/cloud-cluster=lkc-j37km2",
            "region": "us-west-2",
            "rest_endpoint": "https://pkc-pgq85.us-west-2.aws.confluent.cloud:443",
            "standard": []
          },
          "sensitive_attributes": []
        }
      ]
    },
    {
      "mode": "managed",
      "type": "confluent_api_key",
      "name": "api_key",
      "provider": "provider[\"registry.terraform.io/confluentinc/confluent\"]",
      "instances": [
        {
          "index_key": "takeda-jdbc",
          "schema_version": 0,
          "attributes": {
            "description": "Kafka API Key that is owned by takeda-jdbc service account",
            "disable_wait_for_ready": false,
            "display_name": "takeda-jdbc-api-key",
            "id": "TJUG2W3LTS7YFXNX",
            "managed_resource": [
              {
                "api_version": "cmk/v2",
                "environment": [
                  {
                    "id": "env-7yyo1p"
                  }
                ],
                "id": "lkc-j37km2",
                "kind": "Cluster"
              }
            ],
            "owner": [
              {
                "api_version": "iam/v2",
                "id": "sa-75k8z2",
                "kind": "ServiceAccount"
              }
            ],
            "secret": "1esQoAEMGkWOH2QVJs3TZm9bKzm9bXq9tbSdZm2ZhOf5y5i56luTsFvsDbfpLnw3"
          },
          "sensitive_attributes": [],
          "private": "bnVsbA==",
          "dependencies": [
            "confluent_service_account.takeda-sa",
            "data.confluent_environment.env_takeda",
            "data.confluent_kafka_cluster.cluster_takeda"
          ]
        },
        {
          "index_key": "takeda-s3-sink",
          "schema_version": 0,
          "attributes": {
            "description": "Kafka API Key that is owned by takeda-s3-sink service account",
            "disable_wait_for_ready": false,
            "display_name": "takeda-s3-sink-api-key",
            "id": "YMS7JXXSQZRIVNJR",
            "managed_resource": [
              {
                "api_version": "cmk/v2",
                "environment": [
                  {
                    "id": "env-7yyo1p"
                  }
                ],
                "id": "lkc-j37km2",
                "kind": "Cluster"
              }
            ],
            "owner": [
              {
                "api_version": "iam/v2",
                "id": "sa-1n5x0v",
                "kind": "ServiceAccount"
              }
            ],
            "secret": "1QoJfjQCobHM27XFkLM0DWWoMI/m9uS7gWJiXeOXqsbVppSPY0+D03Vg7PtJhNL1"
          },
          "sensitive_attributes": [],
          "private": "bnVsbA==",
          "dependencies": [
            "confluent_service_account.takeda-sa",
            "data.confluent_environment.env_takeda",
            "data.confluent_kafka_cluster.cluster_takeda"
          ]
        }
      ]
    },
    {
      "mode": "managed",
      "type": "confluent_service_account",
      "name": "takeda-sa",
      "provider": "provider[\"registry.terraform.io/confluentinc/confluent\"]",
      "instances": [
        {
          "index_key": "takeda-jdbc",
          "schema_version": 0,
          "attributes": {
            "api_version": "iam/v2",
            "description": "Service account for jdbc source connector",
            "display_name": "takeda-jdbc",
            "id": "sa-75k8z2",
            "kind": "ServiceAccount"
          },
          "sensitive_attributes": [],
          "private": "bnVsbA=="
        },
        {
          "index_key": "takeda-s3-sink",
          "schema_version": 0,
          "attributes": {
            "api_version": "iam/v2",
            "description": "Service account for S3 sink connector",
            "display_name": "takeda-s3-sink",
            "id": "sa-1n5x0v",
            "kind": "ServiceAccount"
          },
          "sensitive_attributes": [],
          "private": "bnVsbA=="
        }
      ]
    }
  ]
}
