{
  "version": 4,
  "terraform_version": "1.1.9",
  "serial": 7,
  "lineage": "5de38b2d-fcbc-7b55-c3f0-9f045bebde3f",
  "outputs": {},
  "resources": [
    {
      "mode": "data",
      "type": "confluent_environment",
      "name": "env_takeda",
      "provider": "provider[\"registry.terraform.io/confluentinc/confluent\"]",
      "instances": [
        {
          "schema_version": 0,
          "attributes": {
            "display_name": "ramzi-test",
            "id": "env-7yyo1p",
            "resource_name": "crn://confluent.cloud/organization=fff39d13-91b7-444b-baa6-c0007e80e4d5/environment=env-7yyo1p"
          },
          "sensitive_attributes": []
        }
      ]
    },
    {
      "mode": "data",
      "type": "confluent_kafka_cluster",
      "name": "cluster_takeda",
      "provider": "provider[\"registry.terraform.io/confluentinc/confluent\"]",
      "instances": [
        {
          "schema_version": 0,
          "attributes": {
            "api_version": "cmk/v2",
            "availability": "SINGLE_ZONE",
            "basic": [
              {}
            ],
            "bootstrap_endpoint": "SASL_SSL://pkc-pgq85.us-west-2.aws.confluent.cloud:9092",
            "cloud": "AWS",
            "dedicated": [],
            "display_name": "takeda",
            "environment": [
              {
                "id": "env-7yyo1p"
              }
            ],
            "id": "lkc-j37km2",
            "kind": "Cluster",
            "network": [
              {
                "id": ""
              }
            ],
            "rbac_crn": "crn://confluent.cloud/organization=fff39d13-91b7-444b-baa6-c0007e80e4d5/environment=env-7yyo1p/cloud-cluster=lkc-j37km2",
            "region": "us-west-2",
            "rest_endpoint": "https://pkc-pgq85.us-west-2.aws.confluent.cloud:443",
            "standard": []
          },
          "sensitive_attributes": []
        }
      ]
    },
    {
      "mode": "data",
      "type": "confluent_service_account",
      "name": "sa_name",
      "provider": "provider[\"registry.terraform.io/confluentinc/confluent\"]",
      "instances": [
        {
          "index_key": "takeda-jdbc",
          "schema_version": 0,
          "attributes": {
            "api_version": "iam/v2",
            "description": "Service account for jdbc source connector",
            "display_name": "takeda-jdbc",
            "id": "sa-75k8z2",
            "kind": "ServiceAccount"
          },
          "sensitive_attributes": []
        },
        {
          "index_key": "takeda-s3-sink",
          "schema_version": 0,
          "attributes": {
            "api_version": "iam/v2",
            "description": "Service account for S3 sink connector",
            "display_name": "takeda-s3-sink",
            "id": "sa-1n5x0v",
            "kind": "ServiceAccount"
          },
          "sensitive_attributes": []
        }
      ]
    },
    {
      "mode": "managed",
      "type": "confluent_kafka_acl",
      "name": "takeda-acls",
      "provider": "provider[\"registry.terraform.io/confluentinc/confluent\"].kafka",
      "instances": [
        {
          "index_key": "takeda-jdbc_GROUP_group-1_LITERAL_READ",
          "schema_version": 2,
          "attributes": {
            "credentials": [],
            "host": "*",
            "id": "lkc-j37km2/GROUP#group-1#LITERAL#User:sa-75k8z2#*#READ#ALLOW",
            "kafka_cluster": [],
            "operation": "READ",
            "pattern_type": "LITERAL",
            "permission": "ALLOW",
            "principal": "User:sa-75k8z2",
            "resource_name": "group-1",
            "resource_type": "GROUP",
            "rest_endpoint": null
          },
          "sensitive_attributes": [],
          "private": "eyJzY2hlbWFfdmVyc2lvbiI6IjIifQ==",
          "dependencies": [
            "data.confluent_kafka_cluster.cluster_takeda",
            "data.confluent_service_account.sa_name"
          ]
        },
        {
          "index_key": "takeda-jdbc_TOPIC_takeda-ods_LITERAL_READ",
          "schema_version": 2,
          "attributes": {
            "credentials": [],
            "host": "*",
            "id": "lkc-j37km2/TOPIC#takeda-ods#LITERAL#User:sa-75k8z2#*#READ#ALLOW",
            "kafka_cluster": [],
            "operation": "READ",
            "pattern_type": "LITERAL",
            "permission": "ALLOW",
            "principal": "User:sa-75k8z2",
            "resource_name": "takeda-ods",
            "resource_type": "TOPIC",
            "rest_endpoint": null
          },
          "sensitive_attributes": [],
          "private": "eyJzY2hlbWFfdmVyc2lvbiI6IjIifQ==",
          "dependencies": [
            "data.confluent_kafka_cluster.cluster_takeda",
            "data.confluent_service_account.sa_name"
          ]
        },
        {
          "index_key": "takeda-jdbc_TOPIC_takeda-ods_LITERAL_WRITE",
          "schema_version": 2,
          "attributes": {
            "credentials": [],
            "host": "*",
            "id": "lkc-j37km2/TOPIC#takeda-ods#LITERAL#User:sa-75k8z2#*#WRITE#ALLOW",
            "kafka_cluster": [],
            "operation": "WRITE",
            "pattern_type": "LITERAL",
            "permission": "ALLOW",
            "principal": "User:sa-75k8z2",
            "resource_name": "takeda-ods",
            "resource_type": "TOPIC",
            "rest_endpoint": null
          },
          "sensitive_attributes": [],
          "private": "eyJzY2hlbWFfdmVyc2lvbiI6IjIifQ==",
          "dependencies": [
            "data.confluent_kafka_cluster.cluster_takeda",
            "data.confluent_service_account.sa_name"
          ]
        },
        {
          "index_key": "takeda-s3-sink_GROUP_group-1_LITERAL_READ",
          "schema_version": 2,
          "attributes": {
            "credentials": [],
            "host": "*",
            "id": "lkc-j37km2/GROUP#group-1#LITERAL#User:sa-1n5x0v#*#READ#ALLOW",
            "kafka_cluster": [],
            "operation": "READ",
            "pattern_type": "LITERAL",
            "permission": "ALLOW",
            "principal": "User:sa-1n5x0v",
            "resource_name": "group-1",
            "resource_type": "GROUP",
            "rest_endpoint": null
          },
          "sensitive_attributes": [],
          "private": "eyJzY2hlbWFfdmVyc2lvbiI6IjIifQ==",
          "dependencies": [
            "data.confluent_kafka_cluster.cluster_takeda",
            "data.confluent_service_account.sa_name"
          ]
        },
        {
          "index_key": "takeda-s3-sink_TOPIC_takeda-ods_LITERAL_READ",
          "schema_version": 2,
          "attributes": {
            "credentials": [],
            "host": "*",
            "id": "lkc-j37km2/TOPIC#takeda-ods#LITERAL#User:sa-1n5x0v#*#READ#ALLOW",
            "kafka_cluster": [],
            "operation": "READ",
            "pattern_type": "LITERAL",
            "permission": "ALLOW",
            "principal": "User:sa-1n5x0v",
            "resource_name": "takeda-ods",
            "resource_type": "TOPIC",
            "rest_endpoint": null
          },
          "sensitive_attributes": [],
          "private": "eyJzY2hlbWFfdmVyc2lvbiI6IjIifQ==",
          "dependencies": [
            "data.confluent_kafka_cluster.cluster_takeda",
            "data.confluent_service_account.sa_name"
          ]
        },
        {
          "index_key": "takeda-s3-sink_TOPIC_takeda-ods_LITERAL_WRITE",
          "schema_version": 2,
          "attributes": {
            "credentials": [],
            "host": "*",
            "id": "lkc-j37km2/TOPIC#takeda-ods#LITERAL#User:sa-1n5x0v#*#WRITE#ALLOW",
            "kafka_cluster": [],
            "operation": "WRITE",
            "pattern_type": "LITERAL",
            "permission": "ALLOW",
            "principal": "User:sa-1n5x0v",
            "resource_name": "takeda-ods",
            "resource_type": "TOPIC",
            "rest_endpoint": null
          },
          "sensitive_attributes": [],
          "private": "eyJzY2hlbWFfdmVyc2lvbiI6IjIifQ==",
          "dependencies": [
            "data.confluent_kafka_cluster.cluster_takeda",
            "data.confluent_service_account.sa_name"
          ]
        }
      ]
    }
  ]
}
